
Microsoft Visual Studio Solution File, Format Version 12.00
# Visual Studio Version 16
VisualStudioVersion = 16.0.31112.23
MinimumVisualStudioVersion = 10.0.40219.1
Project("{FAE04EC0-301F-11D3-BF4B-00C04F79EFBC}") = "Tarea4Teoria", "Tarea4Teoria.csproj", "{E1A4DF82-5A93-4A4A-A0B0-8B45AE288B91}"
EndProject
Global
	GlobalSection(SolutionConfigurationPlatforms) = preSolution
		Debug|Any CPU = Debug|Any CPU
		Release|Any CPU = Release|Any CPU
	EndGlobalSection
	GlobalSection(ProjectConfigurationPlatforms) = postSolution
		{E1A4DF82-5A93-4A4A-A0B0-8B45AE288B91}.Debug|Any CPU.ActiveCfg = Debug|Any CPU
		{E1A4DF82-5A93-4A4A-A0B0-8B45AE288B91}.Debug|Any CPU.Build.0 = Debug|Any CPU
		{E1A4DF82-5A93-4A4A-A0B0-8B45AE288B91}.Release|Any CPU.ActiveCfg = Release|Any CPU
		{E1A4DF82-5A93-4A4A-A0B0-8B45AE288B91}.Release|Any CPU.Build.0 = Release|Any CPU
	EndGlobalSection
	GlobalSection(SolutionProperties) = preSolution
		HideSolutionNode = FALSE
	EndGlobalSection
	GlobalSection(ExtensibilityGlobals) = postSolution
		SolutionGuid = {FBCF581F-F111-4D0C-9CDF-7C7090CBD335}
	EndGlobalSection
EndGlobal
